DEPENDENCIES
  database (~> 5.1.2)
  imagemagick (~> 0.2.3)
  postgresql
  rbenv (~> 1.7.1)

GRAPH
  apt (4.0.2)
    compat_resource (>= 12.10)
  build-essential (6.0.5)
    compat_resource (>= 12.14)
    mingw (>= 1.1)
    seven_zip (>= 0.0.0)
  chef-sugar (3.4.0)
  compat_resource (12.14.3)
  database (5.1.2)
    postgresql (>= 1.0.0)
  dmg (2.4.0)
  git (5.0.0)
    build-essential (>= 0.0.0)
    dmg (>= 0.0.0)
    yum-epel (>= 0.0.0)
  imagemagick (0.2.3)
  mingw (1.2.4)
    compat_resource (>= 0.0.0)
    seven_zip (>= 0.0.0)
  ohai (4.2.1)
    compat_resource (>= 12.14)
  openssl (4.4.0)
    chef-sugar (>= 3.1.1)
  postgresql (4.0.6)
    apt (>= 1.9.0)
    build-essential (>= 0.0.0)
    openssl (~> 4.0)
  rbenv (1.7.1)
    apt (>= 0.0.0)
    build-essential (>= 0.0.0)
    git (>= 0.0.0)
    ohai (>= 1.1)
  seven_zip (2.0.2)
    windows (>= 1.2.2)
  windows (2.0.2)
  yum (4.0.0)
  yum-epel (1.0.1)
    yum (>= 3.6)
